// !$*UTF8*$!
{
	archiveVersion = 1;
	classes = {
	};
	objectVersion = 46;
	objects = {

/* Begin PBXBuildFile section */
		5C3EFA451F57019D00CE929F /* AppDelegate.swift in Sources */ = {isa = PBXBuildFile; fileRef = 5C3EFA441F57019D00CE929F /* AppDelegate.swift */; };
		5C3EFA471F57019D00CE929F /* ViewController.swift in Sources */ = {isa = PBXBuildFile; fileRef = 5C3EFA461F57019D00CE929F /* ViewController.swift */; };
		5C3EFA4A1F57019D00CE929F /* Main.storyboard in Resources */ = {isa = PBXBuildFile; fileRef = 5C3EFA481F57019D00CE929F /* Main.storyboard */; };
		5C3EFA4C1F57019D00CE929F /* Assets.xcassets in Resources */ = {isa = PBXBuildFile; fileRef = 5C3EFA4B1F57019D00CE929F /* Assets.xcassets */; };
		5C3EFA4F1F57019D00CE929F /* LaunchScreen.storyboard in Resources */ = {isa = PBXBuildFile; fileRef = 5C3EFA4D1F57019D00CE929F /* LaunchScreen.storyboard */; };
		8F801D75937A0F2341481D31 /* Pods_wallEEt.framework in Frameworks */ = {isa = PBXBuildFile; fileRef = 6DA34B22246467AFE5E5DCE4 /* Pods_wallEEt.framework */; };
/* End PBXBuildFile section */

/* Begin PBXFileReference section */
		5C3EFA411F57019D00CE929F /* wallEEt.app */ = {isa = PBXFileReference; explicitFileType = wrapper.application; includeInIndex = 0; path = wallEEt.app; sourceTree = BUILT_PRODUCTS_DIR; };
		5C3EFA441F57019D00CE929F /* AppDelegate.swift */ = {isa = PBXFileReference; lastKnownFileType = sourcecode.swift; path = AppDelegate.swift; sourceTree = "<group>"; };
		5C3EFA461F57019D00CE929F /* ViewController.swift */ = {isa = PBXFileReference; lastKnownFileType = sourcecode.swift; path = ViewController.swift; sourceTree = "<group>"; };
		5C3EFA491F57019D00CE929F /* Base */ = {isa = PBXFileReference; lastKnownFileType = file.storyboard; name = Base; path = Base.lproj/Main.storyboard; sourceTree = "<group>"; };
		5C3EFA4B1F57019D00CE929F /* Assets.xcassets */ = {isa = PBXFileReference; lastKnownFileType = folder.assetcatalog; path = Assets.xcassets; sourceTree = "<group>"; };
		5C3EFA4E1F57019D00CE929F /* Base */ = {isa = PBXFileReference; lastKnownFileType = file.storyboard; name = Base; path = Base.lproj/LaunchScreen.storyboard; sourceTree = "<group>"; };
		5C3EFA501F57019D00CE929F /* Info.plist */ = {isa = PBXFileReference; lastKnownFileType = text.plist.xml; path = Info.plist; sourceTree = "<group>"; };
		5FECE86DEDB81B18D3782533 /* Pods-wallEEt.release.xcconfig */ = {isa = PBXFileReference; includeInIndex = 1; lastKnownFileType = text.xcconfig; name = "Pods-wallEEt.release.xcconfig"; path = "Pods/Target Support Files/Pods-wallEEt/Pods-wallEEt.release.xcconfig"; sourceTree = "<group>"; };
		6DA34B22246467AFE5E5DCE4 /* Pods_wallEEt.framework */ = {isa = PBXFileReference; explicitFileType = wrapper.framework; includeInIndex = 0; path = Pods_wallEEt.framework; sourceTree = BUILT_PRODUCTS_DIR; };
		83CDF8100A4D0150A0559E42 /* Pods-wallEEt.debug.xcconfig */ = {isa = PBXFileReference; includeInIndex = 1; lastKnownFileType = text.xcconfig; name = "Pods-wallEEt.debug.xcconfig"; path = "Pods/Target Support Files/Pods-wallEEt/Pods-wallEEt.debug.xcconfig"; sourceTree = "<group>"; };
/* End PBXFileReference section */

/* Begin PBXFrameworksBuildPhase section */
		5C3EFA3E1F57019D00CE929F /* Frameworks */ = {
			isa = PBXFrameworksBuildPhase;
			buildActionMask = 2147483647;
			files = (
				8F801D75937A0F2341481D31 /* Pods_wallEEt.framework in Frameworks */,
			);
			runOnlyForDeploymentPostprocessing = 0;
		};
/* End PBXFrameworksBuildPhase section */

/* Begin PBXGroup section */
		1D2222F2F31DA0CC8C8F5349 /* Pods */ = {
			isa = PBXGroup;
			children = (
				83CDF8100A4D0150A0559E42 /* Pods-wallEEt.debug.xcconfig */,
				5FECE86DEDB81B18D3782533 /* Pods-wallEEt.release.xcconfig */,
			);
			name = Pods;
			sourceTree = "<group>";
		};
		5C3EFA381F57019D00CE929F = {
			isa = PBXGroup;
			children = (
				5C3EFA431F57019D00CE929F /* wallEEt */,
				5C3EFA421F57019D00CE929F /* Products */,
				1D2222F2F31DA0CC8C8F5349 /* Pods */,
				AABE4D33472B7D5324B3C115 /* Frameworks */,
			);
			sourceTree = "<group>";
		};
		5C3EFA421F57019D00CE929F /* Products */ = {
			isa = PBXGroup;
			children = (
				5C3EFA411F57019D00CE929F /* wallEEt.app */,
			);
			name = Products;
			sourceTree = "<group>";
		};
		5C3EFA431F57019D00CE929F /* wallEEt */ = {
			isa = PBXGroup;
			children = (
				5C3EFA441F57019D00CE929F /* AppDelegate.swift */,
				5C3EFA461F57019D00CE929F /* ViewController.swift */,
				5C3EFA481F57019D00CE929F /* Main.storyboard */,
				5C3EFA4B1F57019D00CE929F /* Assets.xcassets */,
				5C3EFA4D1F57019D00CE929F /* LaunchScreen.storyboard */,
				5C3EFA501F57019D00CE929F /* Info.plist */,
			);
			path = wallEEt;
			sourceTree = "<group>";
		};
		AABE4D33472B7D5324B3C115 /* Frameworks */ = {
			isa = PBXGroup;
			children = (
				6DA34B22246467AFE5E5DCE4 /* Pods_wallEEt.framework */,
			);
			name = Frameworks;
			sourceTree = "<group>";
		};
/* End PBXGroup section */

/* Begin PBXNativeTarget section */
		5C3EFA401F57019D00CE929F /* wallEEt */ = {
			isa = PBXNativeTarget;
			buildConfigurationList = 5C3EFA531F57019D00CE929F /* Build configuration list for PBXNativeTarget "wallEEt" */;
			buildPhases = (
				84B52E89B7420CC318DD1D8F /* [CP] Check Pods Manifest.lock */,
				5C3EFA3D1F57019D00CE929F /* Sources */,
				5C3EFA3E1F57019D00CE929F /* Frameworks */,
				5C3EFA3F1F57019D00CE929F /* Resources */,
				FF8DF9D757253791A130BB22 /* [CP] Embed Pods Frameworks */,
				585E7C41584066E6643E9893 /* [CP] Copy Pods Resources */,
			);
			buildRules = (
			);
			dependencies = (
			);
			name = wallEEt;
			productName = wallEEt;
			productReference = 5C3EFA411F57019D00CE929F /* wallEEt.app */;
			productType = "com.apple.product-type.application";
		};
/* End PBXNativeTarget section */

/* Begin PBXProject section */
		5C3EFA391F57019D00CE929F /* Project object */ = {
			isa = PBXProject;
			attributes = {
				LastSwiftUpdateCheck = 0830;
				LastUpgradeCheck = 0830;
				ORGANIZATIONNAME = ParaBellum;
				TargetAttributes = {
					5C3EFA401F57019D00CE929F = {
						CreatedOnToolsVersion = 8.3.3;
						DevelopmentTeam = S4PHWUSXY3;
						ProvisioningStyle = Automatic;
					};
				};
			};
			buildConfigurationList = 5C3EFA3C1F57019D00CE929F /* Build configuration list for PBXProject "wallEEt" */;
			compatibilityVersion = "Xcode 3.2";
			developmentRegion = English;
			hasScannedForEncodings = 0;
			knownRegions = (
				en,
				Base,
			);
			mainGroup = 5C3EFA381F57019D00CE929F;
			productRefGroup = 5C3EFA421F57019D00CE929F /* Products */;
			projectDirPath = "";
			projectRoot = "";
			targets = (
				5C3EFA401F57019D00CE929F /* wallEEt */,
			);
		};
/* End PBXProject section */

/* Begin PBXResourcesBuildPhase section */
		5C3EFA3F1F57019D00CE929F /* Resources */ = {
			isa = PBXResourcesBuildPhase;
			buildActionMask = 2147483647;
			files = (
				5C3EFA4F1F57019D00CE929F /* LaunchScreen.storyboard in Resources */,
				5C3EFA4C1F57019D00CE929F /* Assets.xcassets in Resources */,
				5C3EFA4A1F57019D00CE929F /* Main.storyboard in Resources */,
			);
			runOnlyForDeploymentPostprocessing = 0;
		};
/* End PBXResourcesBuildPhase section */

/* Begin PBXShellScriptBuildPhase section */
		585E7C41584066E6643E9893 /* [CP] Copy Pods Resources */ = {
			isa = PBXShellScriptBuildPhase;
			buildActionMask = 2147483647;
			files = (
			);
			inputPaths = (
			);
			name = "[CP] Copy Pods Resources";
			outputPaths = (
			);
			runOnlyForDeploymentPostprocessing = 0;
			shellPath = /bin/sh;
			shellScript = "\"${SRCROOT}/Pods/Target Support Files/Pods-wallEEt/Pods-wallEEt-resources.sh\"\n";
			showEnvVarsInLog = 0;
		};
		84B52E89B7420CC318DD1D8F /* [CP] Check Pods Manifest.lock */ = {
			isa = PBXShellScriptBuildPhase;
			buildActionMask = 2147483647;
			files = (
			);
			inputPaths = (
			);
			name = "[CP] Check Pods Manifest.lock";
			outputPaths = (
			);
			runOnlyForDeploymentPostprocessing = 0;
			shellPath = /bin/sh;
			shellScript = "diff \"${PODS_ROOT}/../Podfile.lock\" \"${PODS_ROOT}/Manifest.lock\" > /dev/null\nif [ $? != 0 ] ; then\n    # print error to STDERR\n    echo \"error: The sandbox is not in sync with the Podfile.lock. Run 'pod install' or update your CocoaPods installation.\" >&2\n    exit 1\nfi\n";
			showEnvVarsInLog = 0;
		};
		FF8DF9D757253791A130BB22 /* [CP] Embed Pods Frameworks */ = {
			isa = PBXShellScriptBuildPhase;
			buildActionMask = 2147483647;
			files = (
			);
			inputPaths = (
			);
			name = "[CP] Embed Pods Frameworks";
			outputPaths = (
			);
			runOnlyForDeploymentPostprocessing = 0;
			shellPath = /bin/sh;
			shellScript = "\"${SRCROOT}/Pods/Target Support Files/Pods-wallEEt/Pods-wallEEt-frameworks.sh\"\n";
			showEnvVarsInLog = 0;
		};
/* End PBXShellScriptBuildPhase section */

/* Begin PBXSourcesBuildPhase section */
		5C3EFA3D1F57019D00CE929F /* Sources */ = {
			isa = PBXSourcesBuildPhase;
			buildActionMask = 2147483647;
			files = (
				5C3EFA471F57019D00CE929F /* ViewController.swift in Sources */,
				5C3EFA451F57019D00CE929F /* AppDelegate.swift in Sources */,
			);
			runOnlyForDeploymentPostprocessing = 0;
		};
/* End PBXSourcesBuildPhase section */

/* Begin PBXVariantGroup section */
		5C3EFA481F57019D00CE929F /* Main.storyboard */ = {
			isa = PBXVariantGroup;
			children = (
				5C3EFA491F57019D00CE929F /* Base */,
			);
			name = Main.storyboard;
			sourceTree = "<group>";
		};
		5C3EFA4D1F57019D00CE929F /* LaunchScreen.storyboard */ = {
			isa = PBXVariantGroup;
			children = (
				5C3EFA4E1F57019D00CE929F /* Base */,
			);
			name = LaunchScreen.storyboard;
			sourceTree = "<group>";
		};
/* End PBXVariantGroup section */

/* Begin XCBuildConfiguration section */
		5C3EFA511F57019D00CE929F /* Debug */ = {
			isa = XCBuildConfiguration;
			buildSettings = {
				ALWAYS_SEARCH_USER_PATHS = NO;
				CLANG_ANALYZER_NONNULL = YES;
				CLANG_ANALYZER_NUMBER_OBJECT_CONVERSION = YES_AGGRESSIVE;
				CLANG_CXX_LANGUAGE_STANDARD = "gnu++0x";
				CLANG_CXX_LIBRARY = "libc++";
				CLANG_ENABLE_MODULES = YES;
				CLANG_ENABLE_OBJC_ARC = YES;
				CLANG_WARN_BOOL_CONVERSION = YES;
				CLANG_WARN_CONSTANT_CONVERSION = YES;
				CLANG_WARN_DIRECT_OBJC_ISA_USAGE = YES_ERROR;
				CLANG_WARN_DOCUMENTATION_COMMENTS = YES;
				CLANG_WARN_EMPTY_BODY = YES;
				CLANG_WARN_ENUM_CONVERSION = YES;
				CLANG_WARN_INFINITE_RECURSION = YES;
				CLANG_WARN_INT_CONVERSION = YES;
				CLANG_WARN_OBJC_ROOT_CLASS = YES_ERROR;
				CLANG_WARN_SUSPICIOUS_MOVE = YES;
				CLANG_WARN_UNREACHABLE_CODE = YES;
				CLANG_WARN__DUPLICATE_METHOD_MATCH = YES;
				"CODE_SIGN_IDENTITY[sdk=iphoneos*]" = "iPhone Developer";
				COPY_PHASE_STRIP = NO;
				DEBUG_INFORMATION_FORMAT = dwarf;
				ENABLE_STRICT_OBJC_MSGSEND = YES;
				ENABLE_TESTABILITY = YES;
				GCC_C_LANGUAGE_STANDARD = gnu99;
				GCC_DYNAMIC_NO_PIC = NO;
				GCC_NO_COMMON_BLOCKS = YES;
				GCC_OPTIMIZATION_LEVEL = 0;
				GCC_PREPROCESSOR_DEFINITIONS = (
					"DEBUG=1",
					"$(inherited)",
				);
				GCC_WARN_64_TO_32_BIT_CONVERSION = YES;
				GCC_WARN_ABOUT_RETURN_TYPE = YES_ERROR;
				GCC_WARN_UNDECLARED_SELECTOR = YES;
				GCC_WARN_UNINITIALIZED_AUTOS = YES_AGGRESSIVE;
				GCC_WARN_UNUSED_FUNCTION = YES;
				GCC_WARN_UNUSED_VARIABLE = YES;
				IPHONEOS_DEPLOYMENT_TARGET = 10.3;
				MTL_ENABLE_DEBUG_INFO = YES;
				ONLY_ACTIVE_ARCH = YES;
				SDKROOT = iphoneos;
				SWIFT_ACTIVE_COMPILATION_CONDITIONS = DEBUG;
				SWIFT_OPTIMIZATION_LEVEL = "-Onone";
				TARGETED_DEVICE_FAMILY = "1,2";
			};
			name = Debug;
		};
		5C3EFA521F57019D00CE929F /* Release */ = {
			isa = XCBuildConfiguration;
			buildSettings = {
				ALWAYS_SEARCH_USER_PATHS = NO;
				CLANG_ANALYZER_NONNULL = YES;
				CLANG_ANALYZER_NUMBER_OBJECT_CONVERSION = YES_AGGRESSIVE;
				CLANG_CXX_LANGUAGE_STANDARD = "gnu++0x";
				CLANG_CXX_LIBRARY = "libc++";
				CLANG_ENABLE_MODULES = YES;
				CLANG_ENABLE_OBJC_ARC = YES;
				CLANG_WARN_BOOL_CONVERSION = YES;
				CLANG_WARN_CONSTANT_CONVERSION = YES;
				CLANG_WARN_DIRECT_OBJC_ISA_USAGE = YES_ERROR;
				CLANG_WARN_DOCUMENTATION_COMMENTS = YES;
				CLANG_WARN_EMPTY_BODY = YES;
				CLANG_WARN_ENUM_CONVERSION = YES;
				CLANG_WARN_INFINITE_RECURSION = YES;
				CLANG_WARN_INT_CONVERSION = YES;
				CLANG_WARN_OBJC_ROOT_CLASS = YES_ERROR;
				CLANG_WARN_SUSPICIOUS_MOVE = YES;
				CLANG_WARN_UNREACHABLE_CODE = YES;
				CLANG_WARN__DUPLICATE_METHOD_MATCH = YES;
				"CODE_SIGN_IDENTITY[sdk=iphoneos*]" = "iPhone Developer";
				COPY_PHASE_STRIP = NO;
				DEBUG_INFORMATION_FORMAT = "dwarf-with-dsym";
				ENABLE_NS_ASSERTIONS = NO;
				ENABLE_STRICT_OBJC_MSGSEND = YES;
				GCC_C_LANGUAGE_STANDARD = gnu99;
				GCC_NO_COMMON_BLOCKS = YES;
				GCC_WARN_64_TO_32_BIT_CONVERSION = YES;
				GCC_WARN_ABOUT_RETURN_TYPE = YES_ERROR;
				GCC_WARN_UNDECLARED_SELECTOR = YES;
				GCC_WARN_UNINITIALIZED_AUTOS = YES_AGGRESSIVE;
				GCC_WARN_UNUSED_FUNCTION = YES;
				GCC_WARN_UNUSED_VARIABLE = YES;
				IPHONEOS_DEPLOYMENT_TARGET = 10.3;
				MTL_ENABLE_DEBUG_INFO = NO;
				SDKROOT = iphoneos;
				SWIFT_OPTIMIZATION_LEVEL = "-Owholemodule";
				TARGETED_DEVICE_FAMILY = "1,2";
				VALIDATE_PRODUCT = YES;
			};
			name = Release;
		};
		5C3EFA541F57019D00CE929F /* Debug */ = {
			isa = XCBuildConfiguration;
			baseConfigurationReference = 83CDF8100A4D0150A0559E42 /* Pods-wallEEt.debug.xcconfig */;
			buildSettings = {
				ASSETCATALOG_COMPILER_APPICON_NAME = AppIcon;
				DEVELOPMENT_TEAM = S4PHWUSXY3;
				INFOPLIST_FILE = wallEEt/Info.plist;
				IPHONEOS_DEPLOYMENT_TARGET = 10.0;
				LD_RUNPATH_SEARCH_PATHS = "$(inherited) @executable_path/Frameworks";
				PRODUCT_BUNDLE_IDENTIFIER = com.parabellumprod.wallEEt;
				PRODUCT_NAME = "$(TARGET_NAME)";
				SWIFT_VERSION = 3.0;
				TARGETED_DEVICE_FAMILY = 1;
			};
			name = Debug;
		};
		5C3EFA551F57019D00CE929F /* Release */ = {
			isa = XCBuildConfiguration;
			baseConfigurationReference = 5FECE86DEDB81B18D3782533 /* Pods-wallEEt.release.xcconfig */;
			buildSettings = {
				ASSETCATALOG_COMPILER_APPICON_NAME = AppIcon;
				DEVELOPMENT_TEAM = S4PHWUSXY3;
				INFOPLIST_FILE = wallEEt/Info.plist;
				IPHONEOS_DEPLOYMENT_TARGET = 10.0;
				LD_RUNPATH_SEARCH_PATHS = "$(inherited) @executable_path/Frameworks";
				PRODUCT_BUNDLE_IDENTIFIER = com.parabellumprod.wallEEt;
				PRODUCT_NAME = "$(TARGET_NAME)";
				SWIFT_VERSION = 3.0;
				TARGETED_DEVICE_FAMILY = 1;
			};
			name = Release;
		};
/* End XCBuildConfiguration section */

/* Begin XCConfigurationList section */
		5C3EFA3C1F57019D00CE929F /* Build configuration list for PBXProject "wallEEt" */ = {
			isa = XCConfigurationList;
			buildConfigurations = (
				5C3EFA511F57019D00CE929F /* Debug */,
				5C3EFA521F57019D00CE929F /* Release */,
			);
			defaultConfigurationIsVisible = 0;
			defaultConfigurationName = Release;
		};
		5C3EFA531F57019D00CE929F /* Build configuration list for PBXNativeTarget "wallEEt" */ = {
			isa = XCConfigurationList;
			buildConfigurations = (
				5C3EFA541F57019D00CE929F /* Debug */,
				5C3EFA551F57019D00CE929F /* Release */,
			);
			defaultConfigurationIsVisible = 0;
		};
/* End XCConfigurationList section */
	};
	rootObject = 5C3EFA391F57019D00CE929F /* Project object */;
}
