// !$*UTF8*$!
{
	archiveVersion = 1;
	classes = {
	};
	objectVersion = 46;
	objects = {

/* Begin PBXBuildFile section */
		5C1DAEB51F921F00009A69CC /* WebService.swift in Sources */ = {isa = PBXBuildFile; fileRef = 5C1DAEB41F921F00009A69CC /* WebService.swift */; };
		5C1DAEB71F9226A9009A69CC /* YahooFinanceExchangeConstants.swift in Sources */ = {isa = PBXBuildFile; fileRef = 5C1DAEB61F9226A9009A69CC /* YahooFinanceExchangeConstants.swift */; };
		5C1DAEB91F9237BD009A69CC /* YahooFinanceConvenience.swift in Sources */ = {isa = PBXBuildFile; fileRef = 5C1DAEB81F9237BD009A69CC /* YahooFinanceConvenience.swift */; };
		5C1DAEBB1F923BB8009A69CC /* ExchangeRate.swift in Sources */ = {isa = PBXBuildFile; fileRef = 5C1DAEBA1F923BB8009A69CC /* ExchangeRate.swift */; };
		5C369BE71F8A620500F9542B /* MainScreenTableViewCell.swift in Sources */ = {isa = PBXBuildFile; fileRef = 5C369BE61F8A620500F9542B /* MainScreenTableViewCell.swift */; };
		5C369BE91F8A621C00F9542B /* MainScreenTableViewCellViewModel.swift in Sources */ = {isa = PBXBuildFile; fileRef = 5C369BE81F8A621C00F9542B /* MainScreenTableViewCellViewModel.swift */; };
		5C369BEB1F8A76B100F9542B /* FirstLaunch.swift in Sources */ = {isa = PBXBuildFile; fileRef = 5C369BEA1F8A76B100F9542B /* FirstLaunch.swift */; };
		5C3EFA451F57019D00CE929F /* AppDelegate.swift in Sources */ = {isa = PBXBuildFile; fileRef = 5C3EFA441F57019D00CE929F /* AppDelegate.swift */; };
		5C3EFA471F57019D00CE929F /* MainScreenViewController.swift in Sources */ = {isa = PBXBuildFile; fileRef = 5C3EFA461F57019D00CE929F /* MainScreenViewController.swift */; };
		5C3EFA4A1F57019D00CE929F /* Main.storyboard in Resources */ = {isa = PBXBuildFile; fileRef = 5C3EFA481F57019D00CE929F /* Main.storyboard */; };
		5C3EFA4C1F57019D00CE929F /* Assets.xcassets in Resources */ = {isa = PBXBuildFile; fileRef = 5C3EFA4B1F57019D00CE929F /* Assets.xcassets */; };
		5C3EFA4F1F57019D00CE929F /* LaunchScreen.storyboard in Resources */ = {isa = PBXBuildFile; fileRef = 5C3EFA4D1F57019D00CE929F /* LaunchScreen.storyboard */; };
		5C3FB74B1F9F386C000D34D1 /* ExpensesIncomesInfoCoordinator.swift in Sources */ = {isa = PBXBuildFile; fileRef = 5C3FB74A1F9F386C000D34D1 /* ExpensesIncomesInfoCoordinator.swift */; };
		5C3FB74D1F9F3895000D34D1 /* ExpensesIncomes.storyboard in Resources */ = {isa = PBXBuildFile; fileRef = 5C3FB74C1F9F3895000D34D1 /* ExpensesIncomes.storyboard */; };
		5C3FB74F1F9F38FA000D34D1 /* ExpensesIncomesInfoViewController.swift in Sources */ = {isa = PBXBuildFile; fileRef = 5C3FB74E1F9F38FA000D34D1 /* ExpensesIncomesInfoViewController.swift */; };
		5C3FB7511F9F3911000D34D1 /* ExpensesIncomesInfoViewModel.swift in Sources */ = {isa = PBXBuildFile; fileRef = 5C3FB7501F9F3911000D34D1 /* ExpensesIncomesInfoViewModel.swift */; };
		5C45F5571F88E316001FAA1D /* AppCoordinator.swift in Sources */ = {isa = PBXBuildFile; fileRef = 5C45F5561F88E316001FAA1D /* AppCoordinator.swift */; };
		5C45F5591F88E387001FAA1D /* BaseCoordinator.swift in Sources */ = {isa = PBXBuildFile; fileRef = 5C45F5581F88E387001FAA1D /* BaseCoordinator.swift */; };
		5C45F55B1F88E3C0001FAA1D /* StoryboardInitializable.swift in Sources */ = {isa = PBXBuildFile; fileRef = 5C45F55A1F88E3C0001FAA1D /* StoryboardInitializable.swift */; };
		5C45F55D1F88E3FE001FAA1D /* MainScreenCoordinator.swift in Sources */ = {isa = PBXBuildFile; fileRef = 5C45F55C1F88E3FE001FAA1D /* MainScreenCoordinator.swift */; };
		5C6512AC1F88F48C00D8D438 /* ExpenseDetailsCoordinator.swift in Sources */ = {isa = PBXBuildFile; fileRef = 5C6512AB1F88F48C00D8D438 /* ExpenseDetailsCoordinator.swift */; };
		5C6C78D61F84E71300D67E2D /* ExpensesModel.swift in Sources */ = {isa = PBXBuildFile; fileRef = 5C6C78D51F84E71300D67E2D /* ExpensesModel.swift */; };
		5C6C78D81F84F09600D67E2D /* IncomesModel.swift in Sources */ = {isa = PBXBuildFile; fileRef = 5C6C78D71F84F09600D67E2D /* IncomesModel.swift */; };
		5C6C78DA1F84F30600D67E2D /* AccountModel.swift in Sources */ = {isa = PBXBuildFile; fileRef = 5C6C78D91F84F30600D67E2D /* AccountModel.swift */; };
		5C7E96271F85416F00951E10 /* AccountItem.swift in Sources */ = {isa = PBXBuildFile; fileRef = 5C7E96261F85416F00951E10 /* AccountItem.swift */; };
		5CAA507B1F813FB100E80D5F /* ExpenseDetailsViewController.swift in Sources */ = {isa = PBXBuildFile; fileRef = 5CAA507A1F813FB100E80D5F /* ExpenseDetailsViewController.swift */; };
		5CAA507D1F813FCB00E80D5F /* ExpenseDetails.storyboard in Resources */ = {isa = PBXBuildFile; fileRef = 5CAA507C1F813FCB00E80D5F /* ExpenseDetails.storyboard */; };
		5CAA50811F81434700E80D5F /* MainScreenViewModel.swift in Sources */ = {isa = PBXBuildFile; fileRef = 5CAA50801F81434700E80D5F /* MainScreenViewModel.swift */; };
		5CAA50861F815DDB00E80D5F /* ExpenseDetailsViewModel.swift in Sources */ = {isa = PBXBuildFile; fileRef = 5CAA50851F815DDB00E80D5F /* ExpenseDetailsViewModel.swift */; };
		5CC041B11F8E1D1E0041ADE2 /* AddExpenseItemAlertView.swift in Sources */ = {isa = PBXBuildFile; fileRef = 5CC041B01F8E1D1E0041ADE2 /* AddExpenseItemAlertView.swift */; };
		5CC041B31F8E24AE0041ADE2 /* AddIncomesItemAlertView.swift in Sources */ = {isa = PBXBuildFile; fileRef = 5CC041B21F8E24AE0041ADE2 /* AddIncomesItemAlertView.swift */; };
		8F801D75937A0F2341481D31 /* Pods_wallEEt.framework in Frameworks */ = {isa = PBXBuildFile; fileRef = 6DA34B22246467AFE5E5DCE4 /* Pods_wallEEt.framework */; };
/* End PBXBuildFile section */

/* Begin PBXFileReference section */
		5C1DAEB41F921F00009A69CC /* WebService.swift */ = {isa = PBXFileReference; lastKnownFileType = sourcecode.swift; path = WebService.swift; sourceTree = "<group>"; };
		5C1DAEB61F9226A9009A69CC /* YahooFinanceExchangeConstants.swift */ = {isa = PBXFileReference; lastKnownFileType = sourcecode.swift; path = YahooFinanceExchangeConstants.swift; sourceTree = "<group>"; };
		5C1DAEB81F9237BD009A69CC /* YahooFinanceConvenience.swift */ = {isa = PBXFileReference; lastKnownFileType = sourcecode.swift; path = YahooFinanceConvenience.swift; sourceTree = "<group>"; };
		5C1DAEBA1F923BB8009A69CC /* ExchangeRate.swift */ = {isa = PBXFileReference; lastKnownFileType = sourcecode.swift; path = ExchangeRate.swift; sourceTree = "<group>"; };
		5C369BE61F8A620500F9542B /* MainScreenTableViewCell.swift */ = {isa = PBXFileReference; lastKnownFileType = sourcecode.swift; path = MainScreenTableViewCell.swift; sourceTree = "<group>"; };
		5C369BE81F8A621C00F9542B /* MainScreenTableViewCellViewModel.swift */ = {isa = PBXFileReference; lastKnownFileType = sourcecode.swift; path = MainScreenTableViewCellViewModel.swift; sourceTree = "<group>"; };
		5C369BEA1F8A76B100F9542B /* FirstLaunch.swift */ = {isa = PBXFileReference; lastKnownFileType = sourcecode.swift; path = FirstLaunch.swift; sourceTree = "<group>"; };
		5C3EFA411F57019D00CE929F /* wallEEt.app */ = {isa = PBXFileReference; explicitFileType = wrapper.application; includeInIndex = 0; path = wallEEt.app; sourceTree = BUILT_PRODUCTS_DIR; };
		5C3EFA441F57019D00CE929F /* AppDelegate.swift */ = {isa = PBXFileReference; lastKnownFileType = sourcecode.swift; path = AppDelegate.swift; sourceTree = "<group>"; };
		5C3EFA461F57019D00CE929F /* MainScreenViewController.swift */ = {isa = PBXFileReference; lastKnownFileType = sourcecode.swift; path = MainScreenViewController.swift; sourceTree = "<group>"; };
		5C3EFA491F57019D00CE929F /* Base */ = {isa = PBXFileReference; lastKnownFileType = file.storyboard; name = Base; path = Base.lproj/Main.storyboard; sourceTree = "<group>"; };
		5C3EFA4B1F57019D00CE929F /* Assets.xcassets */ = {isa = PBXFileReference; lastKnownFileType = folder.assetcatalog; path = Assets.xcassets; sourceTree = "<group>"; };
		5C3EFA4E1F57019D00CE929F /* Base */ = {isa = PBXFileReference; lastKnownFileType = file.storyboard; name = Base; path = Base.lproj/LaunchScreen.storyboard; sourceTree = "<group>"; };
		5C3EFA501F57019D00CE929F /* Info.plist */ = {isa = PBXFileReference; lastKnownFileType = text.plist.xml; path = Info.plist; sourceTree = "<group>"; };
		5C3FB74A1F9F386C000D34D1 /* ExpensesIncomesInfoCoordinator.swift */ = {isa = PBXFileReference; lastKnownFileType = sourcecode.swift; path = ExpensesIncomesInfoCoordinator.swift; sourceTree = "<group>"; };
		5C3FB74C1F9F3895000D34D1 /* ExpensesIncomes.storyboard */ = {isa = PBXFileReference; lastKnownFileType = file.storyboard; path = ExpensesIncomes.storyboard; sourceTree = "<group>"; };
		5C3FB74E1F9F38FA000D34D1 /* ExpensesIncomesInfoViewController.swift */ = {isa = PBXFileReference; lastKnownFileType = sourcecode.swift; path = ExpensesIncomesInfoViewController.swift; sourceTree = "<group>"; };
		5C3FB7501F9F3911000D34D1 /* ExpensesIncomesInfoViewModel.swift */ = {isa = PBXFileReference; lastKnownFileType = sourcecode.swift; path = ExpensesIncomesInfoViewModel.swift; sourceTree = "<group>"; };
		5C45F5561F88E316001FAA1D /* AppCoordinator.swift */ = {isa = PBXFileReference; lastKnownFileType = sourcecode.swift; path = AppCoordinator.swift; sourceTree = "<group>"; };
		5C45F5581F88E387001FAA1D /* BaseCoordinator.swift */ = {isa = PBXFileReference; lastKnownFileType = sourcecode.swift; path = BaseCoordinator.swift; sourceTree = "<group>"; };
		5C45F55A1F88E3C0001FAA1D /* StoryboardInitializable.swift */ = {isa = PBXFileReference; lastKnownFileType = sourcecode.swift; path = StoryboardInitializable.swift; sourceTree = "<group>"; };
		5C45F55C1F88E3FE001FAA1D /* MainScreenCoordinator.swift */ = {isa = PBXFileReference; lastKnownFileType = sourcecode.swift; path = MainScreenCoordinator.swift; sourceTree = "<group>"; };
		5C6512AB1F88F48C00D8D438 /* ExpenseDetailsCoordinator.swift */ = {isa = PBXFileReference; lastKnownFileType = sourcecode.swift; path = ExpenseDetailsCoordinator.swift; sourceTree = "<group>"; };
		5C6C78D51F84E71300D67E2D /* ExpensesModel.swift */ = {isa = PBXFileReference; lastKnownFileType = sourcecode.swift; path = ExpensesModel.swift; sourceTree = "<group>"; };
		5C6C78D71F84F09600D67E2D /* IncomesModel.swift */ = {isa = PBXFileReference; lastKnownFileType = sourcecode.swift; path = IncomesModel.swift; sourceTree = "<group>"; };
		5C6C78D91F84F30600D67E2D /* AccountModel.swift */ = {isa = PBXFileReference; lastKnownFileType = sourcecode.swift; path = AccountModel.swift; sourceTree = "<group>"; };
		5C7E96261F85416F00951E10 /* AccountItem.swift */ = {isa = PBXFileReference; lastKnownFileType = sourcecode.swift; path = AccountItem.swift; sourceTree = "<group>"; };
		5CAA507A1F813FB100E80D5F /* ExpenseDetailsViewController.swift */ = {isa = PBXFileReference; lastKnownFileType = sourcecode.swift; path = ExpenseDetailsViewController.swift; sourceTree = "<group>"; };
		5CAA507C1F813FCB00E80D5F /* ExpenseDetails.storyboard */ = {isa = PBXFileReference; lastKnownFileType = file.storyboard; path = ExpenseDetails.storyboard; sourceTree = "<group>"; };
		5CAA50801F81434700E80D5F /* MainScreenViewModel.swift */ = {isa = PBXFileReference; lastKnownFileType = sourcecode.swift; path = MainScreenViewModel.swift; sourceTree = "<group>"; };
		5CAA50851F815DDB00E80D5F /* ExpenseDetailsViewModel.swift */ = {isa = PBXFileReference; lastKnownFileType = sourcecode.swift; path = ExpenseDetailsViewModel.swift; sourceTree = "<group>"; };
		5CC041B01F8E1D1E0041ADE2 /* AddExpenseItemAlertView.swift */ = {isa = PBXFileReference; lastKnownFileType = sourcecode.swift; path = AddExpenseItemAlertView.swift; sourceTree = "<group>"; };
		5CC041B21F8E24AE0041ADE2 /* AddIncomesItemAlertView.swift */ = {isa = PBXFileReference; lastKnownFileType = sourcecode.swift; path = AddIncomesItemAlertView.swift; sourceTree = "<group>"; };
		5FECE86DEDB81B18D3782533 /* Pods-wallEEt.release.xcconfig */ = {isa = PBXFileReference; includeInIndex = 1; lastKnownFileType = text.xcconfig; name = "Pods-wallEEt.release.xcconfig"; path = "Pods/Target Support Files/Pods-wallEEt/Pods-wallEEt.release.xcconfig"; sourceTree = "<group>"; };
		6DA34B22246467AFE5E5DCE4 /* Pods_wallEEt.framework */ = {isa = PBXFileReference; explicitFileType = wrapper.framework; includeInIndex = 0; path = Pods_wallEEt.framework; sourceTree = BUILT_PRODUCTS_DIR; };
		83CDF8100A4D0150A0559E42 /* Pods-wallEEt.debug.xcconfig */ = {isa = PBXFileReference; includeInIndex = 1; lastKnownFileType = text.xcconfig; name = "Pods-wallEEt.debug.xcconfig"; path = "Pods/Target Support Files/Pods-wallEEt/Pods-wallEEt.debug.xcconfig"; sourceTree = "<group>"; };
/* End PBXFileReference section */

/* Begin PBXFrameworksBuildPhase section */
		5C3EFA3E1F57019D00CE929F /* Frameworks */ = {
			isa = PBXFrameworksBuildPhase;
			buildActionMask = 2147483647;
			files = (
				8F801D75937A0F2341481D31 /* Pods_wallEEt.framework in Frameworks */,
			);
			runOnlyForDeploymentPostprocessing = 0;
		};
/* End PBXFrameworksBuildPhase section */

/* Begin PBXGroup section */
		1D2222F2F31DA0CC8C8F5349 /* Pods */ = {
			isa = PBXGroup;
			children = (
				83CDF8100A4D0150A0559E42 /* Pods-wallEEt.debug.xcconfig */,
				5FECE86DEDB81B18D3782533 /* Pods-wallEEt.release.xcconfig */,
			);
			name = Pods;
			sourceTree = "<group>";
		};
		5C1DAEB31F921D17009A69CC /* WebService */ = {
			isa = PBXGroup;
			children = (
				5C1DAEB41F921F00009A69CC /* WebService.swift */,
				5C1DAEB61F9226A9009A69CC /* YahooFinanceExchangeConstants.swift */,
				5C1DAEB81F9237BD009A69CC /* YahooFinanceConvenience.swift */,
			);
			path = WebService;
			sourceTree = "<group>";
		};
		5C3EFA381F57019D00CE929F = {
			isa = PBXGroup;
			children = (
				5C3EFA431F57019D00CE929F /* wallEEt */,
				5C3EFA421F57019D00CE929F /* Products */,
				1D2222F2F31DA0CC8C8F5349 /* Pods */,
				AABE4D33472B7D5324B3C115 /* Frameworks */,
			);
			sourceTree = "<group>";
		};
		5C3EFA421F57019D00CE929F /* Products */ = {
			isa = PBXGroup;
			children = (
				5C3EFA411F57019D00CE929F /* wallEEt.app */,
			);
			name = Products;
			sourceTree = "<group>";
		};
		5C3EFA431F57019D00CE929F /* wallEEt */ = {
			isa = PBXGroup;
			children = (
				5C1DAEB31F921D17009A69CC /* WebService */,
				5C45F5551F88E301001FAA1D /* App */,
				5C6C78D41F84DF7700D67E2D /* MODELS */,
				5CAA50711F813BFC00E80D5F /* Library */,
				5CAA50761F813F2C00E80D5F /* ExpenseDetailsScreen */,
				5C3FB7461F9F37B6000D34D1 /* ExpensesIncomesInfo */,
				5CAA506C1F813B3D00E80D5F /* MainScreen */,
				5C3EFA4B1F57019D00CE929F /* Assets.xcassets */,
				5C3EFA4D1F57019D00CE929F /* LaunchScreen.storyboard */,
				5C3EFA501F57019D00CE929F /* Info.plist */,
			);
			path = wallEEt;
			sourceTree = "<group>";
		};
		5C3FB7461F9F37B6000D34D1 /* ExpensesIncomesInfo */ = {
			isa = PBXGroup;
			children = (
				5C3FB7471F9F381D000D34D1 /* Coordinator */,
				5C3FB7481F9F3824000D34D1 /* View */,
				5C3FB7491F9F382B000D34D1 /* ViewModel */,
			);
			path = ExpensesIncomesInfo;
			sourceTree = "<group>";
		};
		5C3FB7471F9F381D000D34D1 /* Coordinator */ = {
			isa = PBXGroup;
			children = (
				5C3FB74A1F9F386C000D34D1 /* ExpensesIncomesInfoCoordinator.swift */,
			);
			path = Coordinator;
			sourceTree = "<group>";
		};
		5C3FB7481F9F3824000D34D1 /* View */ = {
			isa = PBXGroup;
			children = (
				5C3FB74C1F9F3895000D34D1 /* ExpensesIncomes.storyboard */,
				5C3FB74E1F9F38FA000D34D1 /* ExpensesIncomesInfoViewController.swift */,
			);
			path = View;
			sourceTree = "<group>";
		};
		5C3FB7491F9F382B000D34D1 /* ViewModel */ = {
			isa = PBXGroup;
			children = (
				5C3FB7501F9F3911000D34D1 /* ExpensesIncomesInfoViewModel.swift */,
			);
			path = ViewModel;
			sourceTree = "<group>";
		};
		5C45F5531F88E2AC001FAA1D /* Coordinator */ = {
			isa = PBXGroup;
			children = (
				5C6512AB1F88F48C00D8D438 /* ExpenseDetailsCoordinator.swift */,
			);
			path = Coordinator;
			sourceTree = "<group>";
		};
		5C45F5541F88E2B3001FAA1D /* Coordinator */ = {
			isa = PBXGroup;
			children = (
				5C45F55C1F88E3FE001FAA1D /* MainScreenCoordinator.swift */,
			);
			path = Coordinator;
			sourceTree = "<group>";
		};
		5C45F5551F88E301001FAA1D /* App */ = {
			isa = PBXGroup;
			children = (
				5C369BEA1F8A76B100F9542B /* FirstLaunch.swift */,
				5C3EFA441F57019D00CE929F /* AppDelegate.swift */,
				5C45F5561F88E316001FAA1D /* AppCoordinator.swift */,
			);
			path = App;
			sourceTree = "<group>";
		};
		5C6C78D41F84DF7700D67E2D /* MODELS */ = {
			isa = PBXGroup;
			children = (
				5C7E96281F85421200951E10 /* Protocols */,
				5C6C78D51F84E71300D67E2D /* ExpensesModel.swift */,
				5C6C78D71F84F09600D67E2D /* IncomesModel.swift */,
				5C6C78D91F84F30600D67E2D /* AccountModel.swift */,
				5C1DAEBA1F923BB8009A69CC /* ExchangeRate.swift */,
			);
			name = MODELS;
			path = "New Group";
			sourceTree = "<group>";
		};
		5C7E96281F85421200951E10 /* Protocols */ = {
			isa = PBXGroup;
			children = (
				5C7E96261F85416F00951E10 /* AccountItem.swift */,
			);
			path = Protocols;
			sourceTree = "<group>";
		};
		5CAA506C1F813B3D00E80D5F /* MainScreen */ = {
			isa = PBXGroup;
			children = (
				5C45F5541F88E2B3001FAA1D /* Coordinator */,
				5CAA50701F813B6C00E80D5F /* View */,
				5CAA506F1F813B6400E80D5F /* ViewModel */,
			);
			path = MainScreen;
			sourceTree = "<group>";
		};
		5CAA506F1F813B6400E80D5F /* ViewModel */ = {
			isa = PBXGroup;
			children = (
				5CAA50801F81434700E80D5F /* MainScreenViewModel.swift */,
				5C369BE81F8A621C00F9542B /* MainScreenTableViewCellViewModel.swift */,
			);
			path = ViewModel;
			sourceTree = "<group>";
		};
		5CAA50701F813B6C00E80D5F /* View */ = {
			isa = PBXGroup;
			children = (
				5C3EFA461F57019D00CE929F /* MainScreenViewController.swift */,
				5C369BE61F8A620500F9542B /* MainScreenTableViewCell.swift */,
				5C3EFA481F57019D00CE929F /* Main.storyboard */,
				5CC041B01F8E1D1E0041ADE2 /* AddExpenseItemAlertView.swift */,
				5CC041B21F8E24AE0041ADE2 /* AddIncomesItemAlertView.swift */,
			);
			path = View;
			sourceTree = "<group>";
		};
		5CAA50711F813BFC00E80D5F /* Library */ = {
			isa = PBXGroup;
			children = (
				5C45F5581F88E387001FAA1D /* BaseCoordinator.swift */,
				5C45F55A1F88E3C0001FAA1D /* StoryboardInitializable.swift */,
			);
			path = Library;
			sourceTree = "<group>";
		};
		5CAA50761F813F2C00E80D5F /* ExpenseDetailsScreen */ = {
			isa = PBXGroup;
			children = (
				5C45F5531F88E2AC001FAA1D /* Coordinator */,
				5CAA50791F813F9900E80D5F /* View */,
				5CAA50781F813F9100E80D5F /* ViewModel */,
			);
			path = ExpenseDetailsScreen;
			sourceTree = "<group>";
		};
		5CAA50781F813F9100E80D5F /* ViewModel */ = {
			isa = PBXGroup;
			children = (
				5CAA50851F815DDB00E80D5F /* ExpenseDetailsViewModel.swift */,
			);
			path = ViewModel;
			sourceTree = "<group>";
		};
		5CAA50791F813F9900E80D5F /* View */ = {
			isa = PBXGroup;
			children = (
				5CAA507A1F813FB100E80D5F /* ExpenseDetailsViewController.swift */,
				5CAA507C1F813FCB00E80D5F /* ExpenseDetails.storyboard */,
			);
			path = View;
			sourceTree = "<group>";
		};
		AABE4D33472B7D5324B3C115 /* Frameworks */ = {
			isa = PBXGroup;
			children = (
				6DA34B22246467AFE5E5DCE4 /* Pods_wallEEt.framework */,
			);
			name = Frameworks;
			sourceTree = "<group>";
		};
/* End PBXGroup section */

/* Begin PBXNativeTarget section */
		5C3EFA401F57019D00CE929F /* wallEEt */ = {
			isa = PBXNativeTarget;
			buildConfigurationList = 5C3EFA531F57019D00CE929F /* Build configuration list for PBXNativeTarget "wallEEt" */;
			buildPhases = (
				84B52E89B7420CC318DD1D8F /* [CP] Check Pods Manifest.lock */,
				5C3EFA3D1F57019D00CE929F /* Sources */,
				5C3EFA3E1F57019D00CE929F /* Frameworks */,
				5C3EFA3F1F57019D00CE929F /* Resources */,
				FF8DF9D757253791A130BB22 /* [CP] Embed Pods Frameworks */,
				585E7C41584066E6643E9893 /* [CP] Copy Pods Resources */,
			);
			buildRules = (
			);
			dependencies = (
			);
			name = wallEEt;
			productName = wallEEt;
			productReference = 5C3EFA411F57019D00CE929F /* wallEEt.app */;
			productType = "com.apple.product-type.application";
		};
/* End PBXNativeTarget section */

/* Begin PBXProject section */
		5C3EFA391F57019D00CE929F /* Project object */ = {
			isa = PBXProject;
			attributes = {
				LastSwiftUpdateCheck = 0830;
				LastUpgradeCheck = 0910;
				ORGANIZATIONNAME = ParaBellum;
				TargetAttributes = {
					5C3EFA401F57019D00CE929F = {
						CreatedOnToolsVersion = 8.3.3;
						DevelopmentTeam = S4PHWUSXY3;
						ProvisioningStyle = Automatic;
					};
				};
			};
			buildConfigurationList = 5C3EFA3C1F57019D00CE929F /* Build configuration list for PBXProject "wallEEt" */;
			compatibilityVersion = "Xcode 3.2";
			developmentRegion = English;
			hasScannedForEncodings = 0;
			knownRegions = (
				en,
				Base,
			);
			mainGroup = 5C3EFA381F57019D00CE929F;
			productRefGroup = 5C3EFA421F57019D00CE929F /* Products */;
			projectDirPath = "";
			projectRoot = "";
			targets = (
				5C3EFA401F57019D00CE929F /* wallEEt */,
			);
		};
/* End PBXProject section */

/* Begin PBXResourcesBuildPhase section */
		5C3EFA3F1F57019D00CE929F /* Resources */ = {
			isa = PBXResourcesBuildPhase;
			buildActionMask = 2147483647;
			files = (
				5C3EFA4F1F57019D00CE929F /* LaunchScreen.storyboard in Resources */,
				5C3EFA4C1F57019D00CE929F /* Assets.xcassets in Resources */,
				5C3FB74D1F9F3895000D34D1 /* ExpensesIncomes.storyboard in Resources */,
				5CAA507D1F813FCB00E80D5F /* ExpenseDetails.storyboard in Resources */,
				5C3EFA4A1F57019D00CE929F /* Main.storyboard in Resources */,
			);
			runOnlyForDeploymentPostprocessing = 0;
		};
/* End PBXResourcesBuildPhase section */

/* Begin PBXShellScriptBuildPhase section */
		585E7C41584066E6643E9893 /* [CP] Copy Pods Resources */ = {
			isa = PBXShellScriptBuildPhase;
			buildActionMask = 2147483647;
			files = (
			);
			inputPaths = (
			);
			name = "[CP] Copy Pods Resources";
			outputPaths = (
			);
			runOnlyForDeploymentPostprocessing = 0;
			shellPath = /bin/sh;
			shellScript = "\"${SRCROOT}/Pods/Target Support Files/Pods-wallEEt/Pods-wallEEt-resources.sh\"\n";
			showEnvVarsInLog = 0;
		};
		84B52E89B7420CC318DD1D8F /* [CP] Check Pods Manifest.lock */ = {
			isa = PBXShellScriptBuildPhase;
			buildActionMask = 2147483647;
			files = (
			);
			inputPaths = (
				"${PODS_PODFILE_DIR_PATH}/Podfile.lock",
				"${PODS_ROOT}/Manifest.lock",
			);
			name = "[CP] Check Pods Manifest.lock";
			outputPaths = (
				"$(DERIVED_FILE_DIR)/Pods-wallEEt-checkManifestLockResult.txt",
			);
			runOnlyForDeploymentPostprocessing = 0;
			shellPath = /bin/sh;
			shellScript = "diff \"${PODS_PODFILE_DIR_PATH}/Podfile.lock\" \"${PODS_ROOT}/Manifest.lock\" > /dev/null\nif [ $? != 0 ] ; then\n    # print error to STDERR\n    echo \"error: The sandbox is not in sync with the Podfile.lock. Run 'pod install' or update your CocoaPods installation.\" >&2\n    exit 1\nfi\n# This output is used by Xcode 'outputs' to avoid re-running this script phase.\necho \"SUCCESS\" > \"${SCRIPT_OUTPUT_FILE_0}\"\n";
			showEnvVarsInLog = 0;
		};
		FF8DF9D757253791A130BB22 /* [CP] Embed Pods Frameworks */ = {
			isa = PBXShellScriptBuildPhase;
			buildActionMask = 2147483647;
			files = (
			);
			inputPaths = (
				"${SRCROOT}/Pods/Target Support Files/Pods-wallEEt/Pods-wallEEt-frameworks.sh",
				"${BUILT_PRODUCTS_DIR}/Charts/Charts.framework",
				"${BUILT_PRODUCTS_DIR}/HGCircularSlider/HGCircularSlider.framework",
				"${BUILT_PRODUCTS_DIR}/Realm/Realm.framework",
				"${BUILT_PRODUCTS_DIR}/RealmSwift/RealmSwift.framework",
				"${BUILT_PRODUCTS_DIR}/RxCocoa/RxCocoa.framework",
				"${BUILT_PRODUCTS_DIR}/RxRealm/RxRealm.framework",
				"${BUILT_PRODUCTS_DIR}/RxSwift/RxSwift.framework",
				"${BUILT_PRODUCTS_DIR}/SwiftyJSON/SwiftyJSON.framework",
			);
			name = "[CP] Embed Pods Frameworks";
			outputPaths = (
				"${TARGET_BUILD_DIR}/${FRAMEWORKS_FOLDER_PATH}/Charts.framework",
				"${TARGET_BUILD_DIR}/${FRAMEWORKS_FOLDER_PATH}/HGCircularSlider.framework",
				"${TARGET_BUILD_DIR}/${FRAMEWORKS_FOLDER_PATH}/Realm.framework",
				"${TARGET_BUILD_DIR}/${FRAMEWORKS_FOLDER_PATH}/RealmSwift.framework",
				"${TARGET_BUILD_DIR}/${FRAMEWORKS_FOLDER_PATH}/RxCocoa.framework",
				"${TARGET_BUILD_DIR}/${FRAMEWORKS_FOLDER_PATH}/RxRealm.framework",
				"${TARGET_BUILD_DIR}/${FRAMEWORKS_FOLDER_PATH}/RxSwift.framework",
				"${TARGET_BUILD_DIR}/${FRAMEWORKS_FOLDER_PATH}/SwiftyJSON.framework",
			);
			runOnlyForDeploymentPostprocessing = 0;
			shellPath = /bin/sh;
			shellScript = "\"${SRCROOT}/Pods/Target Support Files/Pods-wallEEt/Pods-wallEEt-frameworks.sh\"\n";
			showEnvVarsInLog = 0;
		};
/* End PBXShellScriptBuildPhase section */

/* Begin PBXSourcesBuildPhase section */
		5C3EFA3D1F57019D00CE929F /* Sources */ = {
			isa = PBXSourcesBuildPhase;
			buildActionMask = 2147483647;
			files = (
				5C6C78D61F84E71300D67E2D /* ExpensesModel.swift in Sources */,
				5CAA50861F815DDB00E80D5F /* ExpenseDetailsViewModel.swift in Sources */,
				5C369BE71F8A620500F9542B /* MainScreenTableViewCell.swift in Sources */,
				5C45F55B1F88E3C0001FAA1D /* StoryboardInitializable.swift in Sources */,
				5C45F5571F88E316001FAA1D /* AppCoordinator.swift in Sources */,
				5C369BE91F8A621C00F9542B /* MainScreenTableViewCellViewModel.swift in Sources */,
				5CAA50811F81434700E80D5F /* MainScreenViewModel.swift in Sources */,
				5CAA507B1F813FB100E80D5F /* ExpenseDetailsViewController.swift in Sources */,
				5C3FB74B1F9F386C000D34D1 /* ExpensesIncomesInfoCoordinator.swift in Sources */,
				5C1DAEBB1F923BB8009A69CC /* ExchangeRate.swift in Sources */,
				5C1DAEB71F9226A9009A69CC /* YahooFinanceExchangeConstants.swift in Sources */,
				5C6512AC1F88F48C00D8D438 /* ExpenseDetailsCoordinator.swift in Sources */,
				5C3EFA471F57019D00CE929F /* MainScreenViewController.swift in Sources */,
				5C7E96271F85416F00951E10 /* AccountItem.swift in Sources */,
				5C369BEB1F8A76B100F9542B /* FirstLaunch.swift in Sources */,
				5C1DAEB91F9237BD009A69CC /* YahooFinanceConvenience.swift in Sources */,
				5CC041B11F8E1D1E0041ADE2 /* AddExpenseItemAlertView.swift in Sources */,
				5CC041B31F8E24AE0041ADE2 /* AddIncomesItemAlertView.swift in Sources */,
				5C6C78DA1F84F30600D67E2D /* AccountModel.swift in Sources */,
				5C3EFA451F57019D00CE929F /* AppDelegate.swift in Sources */,
				5C45F5591F88E387001FAA1D /* BaseCoordinator.swift in Sources */,
				5C45F55D1F88E3FE001FAA1D /* MainScreenCoordinator.swift in Sources */,
				5C1DAEB51F921F00009A69CC /* WebService.swift in Sources */,
				5C6C78D81F84F09600D67E2D /* IncomesModel.swift in Sources */,
				5C3FB7511F9F3911000D34D1 /* ExpensesIncomesInfoViewModel.swift in Sources */,
				5C3FB74F1F9F38FA000D34D1 /* ExpensesIncomesInfoViewController.swift in Sources */,
			);
			runOnlyForDeploymentPostprocessing = 0;
		};
/* End PBXSourcesBuildPhase section */

/* Begin PBXVariantGroup section */
		5C3EFA481F57019D00CE929F /* Main.storyboard */ = {
			isa = PBXVariantGroup;
			children = (
				5C3EFA491F57019D00CE929F /* Base */,
			);
			name = Main.storyboard;
			sourceTree = "<group>";
		};
		5C3EFA4D1F57019D00CE929F /* LaunchScreen.storyboard */ = {
			isa = PBXVariantGroup;
			children = (
				5C3EFA4E1F57019D00CE929F /* Base */,
			);
			name = LaunchScreen.storyboard;
			sourceTree = "<group>";
		};
/* End PBXVariantGroup section */

/* Begin XCBuildConfiguration section */
		5C3EFA511F57019D00CE929F /* Debug */ = {
			isa = XCBuildConfiguration;
			buildSettings = {
				ALWAYS_SEARCH_USER_PATHS = NO;
				CLANG_ANALYZER_NONNULL = YES;
				CLANG_ANALYZER_NUMBER_OBJECT_CONVERSION = YES_AGGRESSIVE;
				CLANG_CXX_LANGUAGE_STANDARD = "gnu++0x";
				CLANG_CXX_LIBRARY = "libc++";
				CLANG_ENABLE_MODULES = YES;
				CLANG_ENABLE_OBJC_ARC = YES;
				CLANG_WARN_BLOCK_CAPTURE_AUTORELEASING = YES;
				CLANG_WARN_BOOL_CONVERSION = YES;
				CLANG_WARN_COMMA = YES;
				CLANG_WARN_CONSTANT_CONVERSION = YES;
				CLANG_WARN_DIRECT_OBJC_ISA_USAGE = YES_ERROR;
				CLANG_WARN_DOCUMENTATION_COMMENTS = YES;
				CLANG_WARN_EMPTY_BODY = YES;
				CLANG_WARN_ENUM_CONVERSION = YES;
				CLANG_WARN_INFINITE_RECURSION = YES;
				CLANG_WARN_INT_CONVERSION = YES;
				CLANG_WARN_NON_LITERAL_NULL_CONVERSION = YES;
				CLANG_WARN_OBJC_LITERAL_CONVERSION = YES;
				CLANG_WARN_OBJC_ROOT_CLASS = YES_ERROR;
				CLANG_WARN_RANGE_LOOP_ANALYSIS = YES;
				CLANG_WARN_STRICT_PROTOTYPES = YES;
				CLANG_WARN_SUSPICIOUS_MOVE = YES;
				CLANG_WARN_UNREACHABLE_CODE = YES;
				CLANG_WARN__DUPLICATE_METHOD_MATCH = YES;
				"CODE_SIGN_IDENTITY[sdk=iphoneos*]" = "iPhone Developer";
				COPY_PHASE_STRIP = NO;
				DEBUG_INFORMATION_FORMAT = dwarf;
				ENABLE_STRICT_OBJC_MSGSEND = YES;
				ENABLE_TESTABILITY = YES;
				GCC_C_LANGUAGE_STANDARD = gnu99;
				GCC_DYNAMIC_NO_PIC = NO;
				GCC_NO_COMMON_BLOCKS = YES;
				GCC_OPTIMIZATION_LEVEL = 0;
				GCC_PREPROCESSOR_DEFINITIONS = (
					"DEBUG=1",
					"$(inherited)",
				);
				GCC_WARN_64_TO_32_BIT_CONVERSION = YES;
				GCC_WARN_ABOUT_RETURN_TYPE = YES_ERROR;
				GCC_WARN_UNDECLARED_SELECTOR = YES;
				GCC_WARN_UNINITIALIZED_AUTOS = YES_AGGRESSIVE;
				GCC_WARN_UNUSED_FUNCTION = YES;
				GCC_WARN_UNUSED_VARIABLE = YES;
				IPHONEOS_DEPLOYMENT_TARGET = 10.3;
				MTL_ENABLE_DEBUG_INFO = YES;
				ONLY_ACTIVE_ARCH = YES;
				SDKROOT = iphoneos;
				SWIFT_ACTIVE_COMPILATION_CONDITIONS = DEBUG;
				SWIFT_OPTIMIZATION_LEVEL = "-Onone";
				TARGETED_DEVICE_FAMILY = "1,2";
			};
			name = Debug;
		};
		5C3EFA521F57019D00CE929F /* Release */ = {
			isa = XCBuildConfiguration;
			buildSettings = {
				ALWAYS_SEARCH_USER_PATHS = NO;
				CLANG_ANALYZER_NONNULL = YES;
				CLANG_ANALYZER_NUMBER_OBJECT_CONVERSION = YES_AGGRESSIVE;
				CLANG_CXX_LANGUAGE_STANDARD = "gnu++0x";
				CLANG_CXX_LIBRARY = "libc++";
				CLANG_ENABLE_MODULES = YES;
				CLANG_ENABLE_OBJC_ARC = YES;
				CLANG_WARN_BLOCK_CAPTURE_AUTORELEASING = YES;
				CLANG_WARN_BOOL_CONVERSION = YES;
				CLANG_WARN_COMMA = YES;
				CLANG_WARN_CONSTANT_CONVERSION = YES;
				CLANG_WARN_DIRECT_OBJC_ISA_USAGE = YES_ERROR;
				CLANG_WARN_DOCUMENTATION_COMMENTS = YES;
				CLANG_WARN_EMPTY_BODY = YES;
				CLANG_WARN_ENUM_CONVERSION = YES;
				CLANG_WARN_INFINITE_RECURSION = YES;
				CLANG_WARN_INT_CONVERSION = YES;
				CLANG_WARN_NON_LITERAL_NULL_CONVERSION = YES;
				CLANG_WARN_OBJC_LITERAL_CONVERSION = YES;
				CLANG_WARN_OBJC_ROOT_CLASS = YES_ERROR;
				CLANG_WARN_RANGE_LOOP_ANALYSIS = YES;
				CLANG_WARN_STRICT_PROTOTYPES = YES;
				CLANG_WARN_SUSPICIOUS_MOVE = YES;
				CLANG_WARN_UNREACHABLE_CODE = YES;
				CLANG_WARN__DUPLICATE_METHOD_MATCH = YES;
				"CODE_SIGN_IDENTITY[sdk=iphoneos*]" = "iPhone Developer";
				COPY_PHASE_STRIP = NO;
				DEBUG_INFORMATION_FORMAT = "dwarf-with-dsym";
				ENABLE_NS_ASSERTIONS = NO;
				ENABLE_STRICT_OBJC_MSGSEND = YES;
				GCC_C_LANGUAGE_STANDARD = gnu99;
				GCC_NO_COMMON_BLOCKS = YES;
				GCC_WARN_64_TO_32_BIT_CONVERSION = YES;
				GCC_WARN_ABOUT_RETURN_TYPE = YES_ERROR;
				GCC_WARN_UNDECLARED_SELECTOR = YES;
				GCC_WARN_UNINITIALIZED_AUTOS = YES_AGGRESSIVE;
				GCC_WARN_UNUSED_FUNCTION = YES;
				GCC_WARN_UNUSED_VARIABLE = YES;
				IPHONEOS_DEPLOYMENT_TARGET = 10.3;
				MTL_ENABLE_DEBUG_INFO = NO;
				SDKROOT = iphoneos;
				SWIFT_OPTIMIZATION_LEVEL = "-Owholemodule";
				TARGETED_DEVICE_FAMILY = "1,2";
				VALIDATE_PRODUCT = YES;
			};
			name = Release;
		};
		5C3EFA541F57019D00CE929F /* Debug */ = {
			isa = XCBuildConfiguration;
			baseConfigurationReference = 83CDF8100A4D0150A0559E42 /* Pods-wallEEt.debug.xcconfig */;
			buildSettings = {
				ASSETCATALOG_COMPILER_APPICON_NAME = AppIcon;
				DEVELOPMENT_TEAM = S4PHWUSXY3;
				INFOPLIST_FILE = wallEEt/Info.plist;
				IPHONEOS_DEPLOYMENT_TARGET = 10.0;
				LD_RUNPATH_SEARCH_PATHS = "$(inherited) @executable_path/Frameworks";
				PRODUCT_BUNDLE_IDENTIFIER = com.parabellumprod.wallEEt;
				PRODUCT_NAME = "$(TARGET_NAME)";
				SWIFT_VERSION = 4.0;
				TARGETED_DEVICE_FAMILY = 1;
			};
			name = Debug;
		};
		5C3EFA551F57019D00CE929F /* Release */ = {
			isa = XCBuildConfiguration;
			baseConfigurationReference = 5FECE86DEDB81B18D3782533 /* Pods-wallEEt.release.xcconfig */;
			buildSettings = {
				ASSETCATALOG_COMPILER_APPICON_NAME = AppIcon;
				DEVELOPMENT_TEAM = S4PHWUSXY3;
				INFOPLIST_FILE = wallEEt/Info.plist;
				IPHONEOS_DEPLOYMENT_TARGET = 10.0;
				LD_RUNPATH_SEARCH_PATHS = "$(inherited) @executable_path/Frameworks";
				PRODUCT_BUNDLE_IDENTIFIER = com.parabellumprod.wallEEt;
				PRODUCT_NAME = "$(TARGET_NAME)";
				SWIFT_VERSION = 4.0;
				TARGETED_DEVICE_FAMILY = 1;
			};
			name = Release;
		};
/* End XCBuildConfiguration section */

/* Begin XCConfigurationList section */
		5C3EFA3C1F57019D00CE929F /* Build configuration list for PBXProject "wallEEt" */ = {
			isa = XCConfigurationList;
			buildConfigurations = (
				5C3EFA511F57019D00CE929F /* Debug */,
				5C3EFA521F57019D00CE929F /* Release */,
			);
			defaultConfigurationIsVisible = 0;
			defaultConfigurationName = Release;
		};
		5C3EFA531F57019D00CE929F /* Build configuration list for PBXNativeTarget "wallEEt" */ = {
			isa = XCConfigurationList;
			buildConfigurations = (
				5C3EFA541F57019D00CE929F /* Debug */,
				5C3EFA551F57019D00CE929F /* Release */,
			);
			defaultConfigurationIsVisible = 0;
			defaultConfigurationName = Release;
		};
/* End XCConfigurationList section */
	};
	rootObject = 5C3EFA391F57019D00CE929F /* Project object */;
}
